
Microsoft Visual Studio Solution File, Format Version 12.00
# Visual Studio Version 17
VisualStudioVersion = 17.0.31903.59
MinimumVisualStudioVersion = 10.0.40219.1
Project("{2150E333-8FDC-42A3-9474-1A3956D46DE8}") = "src", "src", "{827E0CD3-B72D-47B6-A68D-7590B98EB39B}"
EndProject
Project("{FAE04EC0-301F-11D3-BF4B-00C04F79EFBC}") = "Ensa.Application", "src\Ensa.Application\Ensa.Application.csproj", "{BE15AB69-388D-4DE2-B43A-70B1C856AD2C}"
EndProject
Project("{FAE04EC0-301F-11D3-BF4B-00C04F79EFBC}") = "Ensa.Application.Contracts", "src\Ensa.Application.Contracts\Ensa.Application.Contracts.csproj", "{FBF2F5BA-04A5-45AE-A160-88138BB4D7D5}"
EndProject
Project("{FAE04EC0-301F-11D3-BF4B-00C04F79EFBC}") = "Ensa.DbMigrator", "src\Ensa.DbMigrator\Ensa.DbMigrator.csproj", "{5B639B8B-294C-462D-B5C0-D09C6ED72980}"
EndProject
Project("{FAE04EC0-301F-11D3-BF4B-00C04F79EFBC}") = "Ensa.Domain", "src\Ensa.Domain\Ensa.Domain.csproj", "{74AF7A1C-9FD6-4ADB-A6E3-90A4BB1D697B}"
EndProject
Project("{FAE04EC0-301F-11D3-BF4B-00C04F79EFBC}") = "Ensa.Domain.Shared", "src\Ensa.Domain.Shared\Ensa.Domain.Shared.csproj", "{64912577-BE34-40FE-962A-305B76D7B4B6}"
EndProject
Project("{FAE04EC0-301F-11D3-BF4B-00C04F79EFBC}") = "Ensa.EntityFrameworkCore", "src\Ensa.EntityFrameworkCore\Ensa.EntityFrameworkCore.csproj", "{4EFD0002-3590-4084-99BB-4395C38BCC3D}"
EndProject
Project("{FAE04EC0-301F-11D3-BF4B-00C04F79EFBC}") = "Ensa.HttpApi", "src\Ensa.HttpApi\Ensa.HttpApi.csproj", "{CFEA8BD4-634D-4734-B608-BC7FABAB91C4}"
EndProject
Project("{FAE04EC0-301F-11D3-BF4B-00C04F79EFBC}") = "Ensa.HttpApi.Host", "src\Ensa.HttpApi.Host\Ensa.HttpApi.Host.csproj", "{A3A24426-224F-4E00-B084-61CE7D996071}"
EndProject
Project("{2150E333-8FDC-42A3-9474-1A3956D46DE8}") = "test", "test", "{0C88DD14-F956-CE84-757C-A364CCF449FC}"
EndProject
Project("{FAE04EC0-301F-11D3-BF4B-00C04F79EFBC}") = "Ensa.Application.Tests", "test\Ensa.Application.Tests\Ensa.Application.Tests.csproj", "{8652092C-1D1C-48DD-A24D-7BF0256F529C}"
EndProject
Project("{FAE04EC0-301F-11D3-BF4B-00C04F79EFBC}") = "Ensa.Domain.Tests", "test\Ensa.Domain.Tests\Ensa.Domain.Tests.csproj", "{95357415-E2F6-4D13-A932-AA7CC6DC957B}"
EndProject
Project("{FAE04EC0-301F-11D3-BF4B-00C04F79EFBC}") = "Ensa.EntityFrameworkCore.Tests", "test\Ensa.EntityFrameworkCore.Tests\Ensa.EntityFrameworkCore.Tests.csproj", "{A482DBA8-55FC-4B60-BF6D-4EEBC2A5B70A}"
EndProject
Project("{FAE04EC0-301F-11D3-BF4B-00C04F79EFBC}") = "Ensa.TestBase", "test\Ensa.TestBase\Ensa.TestBase.csproj", "{FD5A0B59-23CB-46FE-A49E-61D106BA43DE}"
EndProject
Project("{FAE04EC0-301F-11D3-BF4B-00C04F79EFBC}") = "Ensa.DataMigrator", "src\Ensa.DataMigrator\Ensa.DataMigrator.csproj", "{C1BB75F9-B576-45DD-8778-1117C13B195A}"
EndProject
Project("{FAE04EC0-301F-11D3-BF4B-00C04F79EFBC}") = "Ensa.DataMigrator.Tests", "test\Ensa.DataMigrator.Tests\Ensa.DataMigrator.Tests.csproj", "{F172B479-851C-4488-9F9B-255E2620FE2D}"
EndProject
Global
	GlobalSection(SolutionConfigurationPlatforms) = preSolution
		Debug|Any CPU = Debug|Any CPU
		Debug|x64 = Debug|x64
		Debug|x86 = Debug|x86
		Release|Any CPU = Release|Any CPU
		Release|x64 = Release|x64
		Release|x86 = Release|x86
	EndGlobalSection
	GlobalSection(ProjectConfigurationPlatforms) = postSolution
		{BE15AB69-388D-4DE2-B43A-70B1C856AD2C}.Debug|Any CPU.ActiveCfg = Debug|Any CPU
		{BE15AB69-388D-4DE2-B43A-70B1C856AD2C}.Debug|Any CPU.Build.0 = Debug|Any CPU
		{BE15AB69-388D-4DE2-B43A-70B1C856AD2C}.Debug|x64.ActiveCfg = Debug|Any CPU
		{BE15AB69-388D-4DE2-B43A-70B1C856AD2C}.Debug|x64.Build.0 = Debug|Any CPU
		{BE15AB69-388D-4DE2-B43A-70B1C856AD2C}.Debug|x86.ActiveCfg = Debug|Any CPU
		{BE15AB69-388D-4DE2-B43A-70B1C856AD2C}.Debug|x86.Build.0 = Debug|Any CPU
		{BE15AB69-388D-4DE2-B43A-70B1C856AD2C}.Release|Any CPU.ActiveCfg = Release|Any CPU
		{BE15AB69-388D-4DE2-B43A-70B1C856AD2C}.Release|Any CPU.Build.0 = Release|Any CPU
		{BE15AB69-388D-4DE2-B43A-70B1C856AD2C}.Release|x64.ActiveCfg = Release|Any CPU
		{BE15AB69-388D-4DE2-B43A-70B1C856AD2C}.Release|x64.Build.0 = Release|Any CPU
		{BE15AB69-388D-4DE2-B43A-70B1C856AD2C}.Release|x86.ActiveCfg = Release|Any CPU
		{BE15AB69-388D-4DE2-B43A-70B1C856AD2C}.Release|x86.Build.0 = Release|Any CPU
		{FBF2F5BA-04A5-45AE-A160-88138BB4D7D5}.Debug|Any CPU.ActiveCfg = Debug|Any CPU
		{FBF2F5BA-04A5-45AE-A160-88138BB4D7D5}.Debug|Any CPU.Build.0 = Debug|Any CPU
		{FBF2F5BA-04A5-45AE-A160-88138BB4D7D5}.Debug|x64.ActiveCfg = Debug|Any CPU
		{FBF2F5BA-04A5-45AE-A160-88138BB4D7D5}.Debug|x64.Build.0 = Debug|Any CPU
		{FBF2F5BA-04A5-45AE-A160-88138BB4D7D5}.Debug|x86.ActiveCfg = Debug|Any CPU
		{FBF2F5BA-04A5-45AE-A160-88138BB4D7D5}.Debug|x86.Build.0 = Debug|Any CPU
		{FBF2F5BA-04A5-45AE-A160-88138BB4D7D5}.Release|Any CPU.ActiveCfg = Release|Any CPU
		{FBF2F5BA-04A5-45AE-A160-88138BB4D7D5}.Release|Any CPU.Build.0 = Release|Any CPU
		{FBF2F5BA-04A5-45AE-A160-88138BB4D7D5}.Release|x64.ActiveCfg = Release|Any CPU
		{FBF2F5BA-04A5-45AE-A160-88138BB4D7D5}.Release|x64.Build.0 = Release|Any CPU
		{FBF2F5BA-04A5-45AE-A160-88138BB4D7D5}.Release|x86.ActiveCfg = Release|Any CPU
		{FBF2F5BA-04A5-45AE-A160-88138BB4D7D5}.Release|x86.Build.0 = Release|Any CPU
		{5B639B8B-294C-462D-B5C0-D09C6ED72980}.Debug|Any CPU.ActiveCfg = Debug|Any CPU
		{5B639B8B-294C-462D-B5C0-D09C6ED72980}.Debug|Any CPU.Build.0 = Debug|Any CPU
		{5B639B8B-294C-462D-B5C0-D09C6ED72980}.Debug|x64.ActiveCfg = Debug|Any CPU
		{5B639B8B-294C-462D-B5C0-D09C6ED72980}.Debug|x64.Build.0 = Debug|Any CPU
		{5B639B8B-294C-462D-B5C0-D09C6ED72980}.Debug|x86.ActiveCfg = Debug|Any CPU
		{5B639B8B-294C-462D-B5C0-D09C6ED72980}.Debug|x86.Build.0 = Debug|Any CPU
		{5B639B8B-294C-462D-B5C0-D09C6ED72980}.Release|Any CPU.ActiveCfg = Release|Any CPU
		{5B639B8B-294C-462D-B5C0-D09C6ED72980}.Release|Any CPU.Build.0 = Release|Any CPU
		{5B639B8B-294C-462D-B5C0-D09C6ED72980}.Release|x64.ActiveCfg = Release|Any CPU
		{5B639B8B-294C-462D-B5C0-D09C6ED72980}.Release|x64.Build.0 = Release|Any CPU
		{5B639B8B-294C-462D-B5C0-D09C6ED72980}.Release|x86.ActiveCfg = Release|Any CPU
		{5B639B8B-294C-462D-B5C0-D09C6ED72980}.Release|x86.Build.0 = Release|Any CPU
		{74AF7A1C-9FD6-4ADB-A6E3-90A4BB1D697B}.Debug|Any CPU.ActiveCfg = Debug|Any CPU
		{74AF7A1C-9FD6-4ADB-A6E3-90A4BB1D697B}.Debug|Any CPU.Build.0 = Debug|Any CPU
		{74AF7A1C-9FD6-4ADB-A6E3-90A4BB1D697B}.Debug|x64.ActiveCfg = Debug|Any CPU
		{74AF7A1C-9FD6-4ADB-A6E3-90A4BB1D697B}.Debug|x64.Build.0 = Debug|Any CPU
		{74AF7A1C-9FD6-4ADB-A6E3-90A4BB1D697B}.Debug|x86.ActiveCfg = Debug|Any CPU
		{74AF7A1C-9FD6-4ADB-A6E3-90A4BB1D697B}.Debug|x86.Build.0 = Debug|Any CPU
		{74AF7A1C-9FD6-4ADB-A6E3-90A4BB1D697B}.Release|Any CPU.ActiveCfg = Release|Any CPU
		{74AF7A1C-9FD6-4ADB-A6E3-90A4BB1D697B}.Release|Any CPU.Build.0 = Release|Any CPU
		{74AF7A1C-9FD6-4ADB-A6E3-90A4BB1D697B}.Release|x64.ActiveCfg = Release|Any CPU
		{74AF7A1C-9FD6-4ADB-A6E3-90A4BB1D697B}.Release|x64.Build.0 = Release|Any CPU
		{74AF7A1C-9FD6-4ADB-A6E3-90A4BB1D697B}.Release|x86.ActiveCfg = Release|Any CPU
		{74AF7A1C-9FD6-4ADB-A6E3-90A4BB1D697B}.Release|x86.Build.0 = Release|Any CPU
		{64912577-BE34-40FE-962A-305B76D7B4B6}.Debug|Any CPU.ActiveCfg = Debug|Any CPU
		{64912577-BE34-40FE-962A-305B76D7B4B6}.Debug|Any CPU.Build.0 = Debug|Any CPU
		{64912577-BE34-40FE-962A-305B76D7B4B6}.Debug|x64.ActiveCfg = Debug|Any CPU
		{64912577-BE34-40FE-962A-305B76D7B4B6}.Debug|x64.Build.0 = Debug|Any CPU
		{64912577-BE34-40FE-962A-305B76D7B4B6}.Debug|x86.ActiveCfg = Debug|Any CPU
		{64912577-BE34-40FE-962A-305B76D7B4B6}.Debug|x86.Build.0 = Debug|Any CPU
		{64912577-BE34-40FE-962A-305B76D7B4B6}.Release|Any CPU.ActiveCfg = Release|Any CPU
		{64912577-BE34-40FE-962A-305B76D7B4B6}.Release|Any CPU.Build.0 = Release|Any CPU
		{64912577-BE34-40FE-962A-305B76D7B4B6}.Release|x64.ActiveCfg = Release|Any CPU
		{64912577-BE34-40FE-962A-305B76D7B4B6}.Release|x64.Build.0 = Release|Any CPU
		{64912577-BE34-40FE-962A-305B76D7B4B6}.Release|x86.ActiveCfg = Release|Any CPU
		{64912577-BE34-40FE-962A-305B76D7B4B6}.Release|x86.Build.0 = Release|Any CPU
		{4EFD0002-3590-4084-99BB-4395C38BCC3D}.Debug|Any CPU.ActiveCfg = Debug|Any CPU
		{4EFD0002-3590-4084-99BB-4395C38BCC3D}.Debug|Any CPU.Build.0 = Debug|Any CPU
		{4EFD0002-3590-4084-99BB-4395C38BCC3D}.Debug|x64.ActiveCfg = Debug|Any CPU
		{4EFD0002-3590-4084-99BB-4395C38BCC3D}.Debug|x64.Build.0 = Debug|Any CPU
		{4EFD0002-3590-4084-99BB-4395C38BCC3D}.Debug|x86.ActiveCfg = Debug|Any CPU
		{4EFD0002-3590-4084-99BB-4395C38BCC3D}.Debug|x86.Build.0 = Debug|Any CPU
		{4EFD0002-3590-4084-99BB-4395C38BCC3D}.Release|Any CPU.ActiveCfg = Release|Any CPU
		{4EFD0002-3590-4084-99BB-4395C38BCC3D}.Release|Any CPU.Build.0 = Release|Any CPU
		{4EFD0002-3590-4084-99BB-4395C38BCC3D}.Release|x64.ActiveCfg = Release|Any CPU
		{4EFD0002-3590-4084-99BB-4395C38BCC3D}.Release|x64.Build.0 = Release|Any CPU
		{4EFD0002-3590-4084-99BB-4395C38BCC3D}.Release|x86.ActiveCfg = Release|Any CPU
		{4EFD0002-3590-4084-99BB-4395C38BCC3D}.Release|x86.Build.0 = Release|Any CPU
		{CFEA8BD4-634D-4734-B608-BC7FABAB91C4}.Debug|Any CPU.ActiveCfg = Debug|Any CPU
		{CFEA8BD4-634D-4734-B608-BC7FABAB91C4}.Debug|Any CPU.Build.0 = Debug|Any CPU
		{CFEA8BD4-634D-4734-B608-BC7FABAB91C4}.Debug|x64.ActiveCfg = Debug|Any CPU
		{CFEA8BD4-634D-4734-B608-BC7FABAB91C4}.Debug|x64.Build.0 = Debug|Any CPU
		{CFEA8BD4-634D-4734-B608-BC7FABAB91C4}.Debug|x86.ActiveCfg = Debug|Any CPU
		{CFEA8BD4-634D-4734-B608-BC7FABAB91C4}.Debug|x86.Build.0 = Debug|Any CPU
		{CFEA8BD4-634D-4734-B608-BC7FABAB91C4}.Release|Any CPU.ActiveCfg = Release|Any CPU
		{CFEA8BD4-634D-4734-B608-BC7FABAB91C4}.Release|Any CPU.Build.0 = Release|Any CPU
		{CFEA8BD4-634D-4734-B608-BC7FABAB91C4}.Release|x64.ActiveCfg = Release|Any CPU
		{CFEA8BD4-634D-4734-B608-BC7FABAB91C4}.Release|x64.Build.0 = Release|Any CPU
		{CFEA8BD4-634D-4734-B608-BC7FABAB91C4}.Release|x86.ActiveCfg = Release|Any CPU
		{CFEA8BD4-634D-4734-B608-BC7FABAB91C4}.Release|x86.Build.0 = Release|Any CPU
		{A3A24426-224F-4E00-B084-61CE7D996071}.Debug|Any CPU.ActiveCfg = Debug|Any CPU
		{A3A24426-224F-4E00-B084-61CE7D996071}.Debug|Any CPU.Build.0 = Debug|Any CPU
		{A3A24426-224F-4E00-B084-61CE7D996071}.Debug|x64.ActiveCfg = Debug|Any CPU
		{A3A24426-224F-4E00-B084-61CE7D996071}.Debug|x64.Build.0 = Debug|Any CPU
		{A3A24426-224F-4E00-B084-61CE7D996071}.Debug|x86.ActiveCfg = Debug|Any CPU
		{A3A24426-224F-4E00-B084-61CE7D996071}.Debug|x86.Build.0 = Debug|Any CPU
		{A3A24426-224F-4E00-B084-61CE7D996071}.Release|Any CPU.ActiveCfg = Release|Any CPU
		{A3A24426-224F-4E00-B084-61CE7D996071}.Release|Any CPU.Build.0 = Release|Any CPU
		{A3A24426-224F-4E00-B084-61CE7D996071}.Release|x64.ActiveCfg = Release|Any CPU
		{A3A24426-224F-4E00-B084-61CE7D996071}.Release|x64.Build.0 = Release|Any CPU
		{A3A24426-224F-4E00-B084-61CE7D996071}.Release|x86.ActiveCfg = Release|Any CPU
		{A3A24426-224F-4E00-B084-61CE7D996071}.Release|x86.Build.0 = Release|Any CPU
		{8652092C-1D1C-48DD-A24D-7BF0256F529C}.Debug|Any CPU.ActiveCfg = Debug|Any CPU
		{8652092C-1D1C-48DD-A24D-7BF0256F529C}.Debug|Any CPU.Build.0 = Debug|Any CPU
		{8652092C-1D1C-48DD-A24D-7BF0256F529C}.Debug|x64.ActiveCfg = Debug|Any CPU
		{8652092C-1D1C-48DD-A24D-7BF0256F529C}.Debug|x64.Build.0 = Debug|Any CPU
		{8652092C-1D1C-48DD-A24D-7BF0256F529C}.Debug|x86.ActiveCfg = Debug|Any CPU
		{8652092C-1D1C-48DD-A24D-7BF0256F529C}.Debug|x86.Build.0 = Debug|Any CPU
		{8652092C-1D1C-48DD-A24D-7BF0256F529C}.Release|Any CPU.ActiveCfg = Release|Any CPU
		{8652092C-1D1C-48DD-A24D-7BF0256F529C}.Release|Any CPU.Build.0 = Release|Any CPU
		{8652092C-1D1C-48DD-A24D-7BF0256F529C}.Release|x64.ActiveCfg = Release|Any CPU
		{8652092C-1D1C-48DD-A24D-7BF0256F529C}.Release|x64.Build.0 = Release|Any CPU
		{8652092C-1D1C-48DD-A24D-7BF0256F529C}.Release|x86.ActiveCfg = Release|Any CPU
		{8652092C-1D1C-48DD-A24D-7BF0256F529C}.Release|x86.Build.0 = Release|Any CPU
		{95357415-E2F6-4D13-A932-AA7CC6DC957B}.Debug|Any CPU.ActiveCfg = Debug|Any CPU
		{95357415-E2F6-4D13-A932-AA7CC6DC957B}.Debug|Any CPU.Build.0 = Debug|Any CPU
		{95357415-E2F6-4D13-A932-AA7CC6DC957B}.Debug|x64.ActiveCfg = Debug|Any CPU
		{95357415-E2F6-4D13-A932-AA7CC6DC957B}.Debug|x64.Build.0 = Debug|Any CPU
		{95357415-E2F6-4D13-A932-AA7CC6DC957B}.Debug|x86.ActiveCfg = Debug|Any CPU
		{95357415-E2F6-4D13-A932-AA7CC6DC957B}.Debug|x86.Build.0 = Debug|Any CPU
		{95357415-E2F6-4D13-A932-AA7CC6DC957B}.Release|Any CPU.ActiveCfg = Release|Any CPU
		{95357415-E2F6-4D13-A932-AA7CC6DC957B}.Release|Any CPU.Build.0 = Release|Any CPU
		{95357415-E2F6-4D13-A932-AA7CC6DC957B}.Release|x64.ActiveCfg = Release|Any CPU
		{95357415-E2F6-4D13-A932-AA7CC6DC957B}.Release|x64.Build.0 = Release|Any CPU
		{95357415-E2F6-4D13-A932-AA7CC6DC957B}.Release|x86.ActiveCfg = Release|Any CPU
		{95357415-E2F6-4D13-A932-AA7CC6DC957B}.Release|x86.Build.0 = Release|Any CPU
		{A482DBA8-55FC-4B60-BF6D-4EEBC2A5B70A}.Debug|Any CPU.ActiveCfg = Debug|Any CPU
		{A482DBA8-55FC-4B60-BF6D-4EEBC2A5B70A}.Debug|Any CPU.Build.0 = Debug|Any CPU
		{A482DBA8-55FC-4B60-BF6D-4EEBC2A5B70A}.Debug|x64.ActiveCfg = Debug|Any CPU
		{A482DBA8-55FC-4B60-BF6D-4EEBC2A5B70A}.Debug|x64.Build.0 = Debug|Any CPU
		{A482DBA8-55FC-4B60-BF6D-4EEBC2A5B70A}.Debug|x86.ActiveCfg = Debug|Any CPU
		{A482DBA8-55FC-4B60-BF6D-4EEBC2A5B70A}.Debug|x86.Build.0 = Debug|Any CPU
		{A482DBA8-55FC-4B60-BF6D-4EEBC2A5B70A}.Release|Any CPU.ActiveCfg = Release|Any CPU
		{A482DBA8-55FC-4B60-BF6D-4EEBC2A5B70A}.Release|Any CPU.Build.0 = Release|Any CPU
		{A482DBA8-55FC-4B60-BF6D-4EEBC2A5B70A}.Release|x64.ActiveCfg = Release|Any CPU
		{A482DBA8-55FC-4B60-BF6D-4EEBC2A5B70A}.Release|x64.Build.0 = Release|Any CPU
		{A482DBA8-55FC-4B60-BF6D-4EEBC2A5B70A}.Release|x86.ActiveCfg = Release|Any CPU
		{A482DBA8-55FC-4B60-BF6D-4EEBC2A5B70A}.Release|x86.Build.0 = Release|Any CPU
		{FD5A0B59-23CB-46FE-A49E-61D106BA43DE}.Debug|Any CPU.ActiveCfg = Debug|Any CPU
		{FD5A0B59-23CB-46FE-A49E-61D106BA43DE}.Debug|Any CPU.Build.0 = Debug|Any CPU
		{FD5A0B59-23CB-46FE-A49E-61D106BA43DE}.Debug|x64.ActiveCfg = Debug|Any CPU
		{FD5A0B59-23CB-46FE-A49E-61D106BA43DE}.Debug|x64.Build.0 = Debug|Any CPU
		{FD5A0B59-23CB-46FE-A49E-61D106BA43DE}.Debug|x86.ActiveCfg = Debug|Any CPU
		{FD5A0B59-23CB-46FE-A49E-61D106BA43DE}.Debug|x86.Build.0 = Debug|Any CPU
		{FD5A0B59-23CB-46FE-A49E-61D106BA43DE}.Release|Any CPU.ActiveCfg = Release|Any CPU
		{FD5A0B59-23CB-46FE-A49E-61D106BA43DE}.Release|Any CPU.Build.0 = Release|Any CPU
		{FD5A0B59-23CB-46FE-A49E-61D106BA43DE}.Release|x64.ActiveCfg = Release|Any CPU
		{FD5A0B59-23CB-46FE-A49E-61D106BA43DE}.Release|x64.Build.0 = Release|Any CPU
		{FD5A0B59-23CB-46FE-A49E-61D106BA43DE}.Release|x86.ActiveCfg = Release|Any CPU
		{FD5A0B59-23CB-46FE-A49E-61D106BA43DE}.Release|x86.Build.0 = Release|Any CPU
		{C1BB75F9-B576-45DD-8778-1117C13B195A}.Debug|Any CPU.ActiveCfg = Debug|Any CPU
		{C1BB75F9-B576-45DD-8778-1117C13B195A}.Debug|Any CPU.Build.0 = Debug|Any CPU
		{C1BB75F9-B576-45DD-8778-1117C13B195A}.Debug|x64.ActiveCfg = Debug|Any CPU
		{C1BB75F9-B576-45DD-8778-1117C13B195A}.Debug|x64.Build.0 = Debug|Any CPU
		{C1BB75F9-B576-45DD-8778-1117C13B195A}.Debug|x86.ActiveCfg = Debug|Any CPU
		{C1BB75F9-B576-45DD-8778-1117C13B195A}.Debug|x86.Build.0 = Debug|Any CPU
		{C1BB75F9-B576-45DD-8778-1117C13B195A}.Release|Any CPU.ActiveCfg = Release|Any CPU
		{C1BB75F9-B576-45DD-8778-1117C13B195A}.Release|Any CPU.Build.0 = Release|Any CPU
		{C1BB75F9-B576-45DD-8778-1117C13B195A}.Release|x64.ActiveCfg = Release|Any CPU
		{C1BB75F9-B576-45DD-8778-1117C13B195A}.Release|x64.Build.0 = Release|Any CPU
		{C1BB75F9-B576-45DD-8778-1117C13B195A}.Release|x86.ActiveCfg = Release|Any CPU
		{C1BB75F9-B576-45DD-8778-1117C13B195A}.Release|x86.Build.0 = Release|Any CPU
		{F172B479-851C-4488-9F9B-255E2620FE2D}.Debug|Any CPU.ActiveCfg = Debug|Any CPU
		{F172B479-851C-4488-9F9B-255E2620FE2D}.Debug|Any CPU.Build.0 = Debug|Any CPU
		{F172B479-851C-4488-9F9B-255E2620FE2D}.Debug|x64.ActiveCfg = Debug|Any CPU
		{F172B479-851C-4488-9F9B-255E2620FE2D}.Debug|x64.Build.0 = Debug|Any CPU
		{F172B479-851C-4488-9F9B-255E2620FE2D}.Debug|x86.ActiveCfg = Debug|Any CPU
		{F172B479-851C-4488-9F9B-255E2620FE2D}.Debug|x86.Build.0 = Debug|Any CPU
		{F172B479-851C-4488-9F9B-255E2620FE2D}.Release|Any CPU.ActiveCfg = Release|Any CPU
		{F172B479-851C-4488-9F9B-255E2620FE2D}.Release|Any CPU.Build.0 = Release|Any CPU
		{F172B479-851C-4488-9F9B-255E2620FE2D}.Release|x64.ActiveCfg = Release|Any CPU
		{F172B479-851C-4488-9F9B-255E2620FE2D}.Release|x64.Build.0 = Release|Any CPU
		{F172B479-851C-4488-9F9B-255E2620FE2D}.Release|x86.ActiveCfg = Release|Any CPU
		{F172B479-851C-4488-9F9B-255E2620FE2D}.Release|x86.Build.0 = Release|Any CPU
	EndGlobalSection
	GlobalSection(SolutionProperties) = preSolution
		HideSolutionNode = FALSE
	EndGlobalSection
	GlobalSection(NestedProjects) = preSolution
		{BE15AB69-388D-4DE2-B43A-70B1C856AD2C} = {827E0CD3-B72D-47B6-A68D-7590B98EB39B}
		{FBF2F5BA-04A5-45AE-A160-88138BB4D7D5} = {827E0CD3-B72D-47B6-A68D-7590B98EB39B}
		{5B639B8B-294C-462D-B5C0-D09C6ED72980} = {827E0CD3-B72D-47B6-A68D-7590B98EB39B}
		{74AF7A1C-9FD6-4ADB-A6E3-90A4BB1D697B} = {827E0CD3-B72D-47B6-A68D-7590B98EB39B}
		{64912577-BE34-40FE-962A-305B76D7B4B6} = {827E0CD3-B72D-47B6-A68D-7590B98EB39B}
		{4EFD0002-3590-4084-99BB-4395C38BCC3D} = {827E0CD3-B72D-47B6-A68D-7590B98EB39B}
		{CFEA8BD4-634D-4734-B608-BC7FABAB91C4} = {827E0CD3-B72D-47B6-A68D-7590B98EB39B}
		{A3A24426-224F-4E00-B084-61CE7D996071} = {827E0CD3-B72D-47B6-A68D-7590B98EB39B}
		{8652092C-1D1C-48DD-A24D-7BF0256F529C} = {0C88DD14-F956-CE84-757C-A364CCF449FC}
		{95357415-E2F6-4D13-A932-AA7CC6DC957B} = {0C88DD14-F956-CE84-757C-A364CCF449FC}
		{A482DBA8-55FC-4B60-BF6D-4EEBC2A5B70A} = {0C88DD14-F956-CE84-757C-A364CCF449FC}
		{FD5A0B59-23CB-46FE-A49E-61D106BA43DE} = {0C88DD14-F956-CE84-757C-A364CCF449FC}
		{C1BB75F9-B576-45DD-8778-1117C13B195A} = {827E0CD3-B72D-47B6-A68D-7590B98EB39B}
		{F172B479-851C-4488-9F9B-255E2620FE2D} = {0C88DD14-F956-CE84-757C-A364CCF449FC}
	EndGlobalSection
EndGlobal
